// !$*UTF8*$!
{
	archiveVersion = 1;
	classes = {
	};
	objectVersion = 48;
	objects = {

/* Begin PBXBuildFile section */
		042918921FA22FFF0075AB01 /* AppDelegate.m in Sources */ = {isa = PBXBuildFile; fileRef = 042918911FA22FFF0075AB01 /* AppDelegate.m */; };
		0429189A1FA22FFF0075AB01 /* Assets.xcassets in Resources */ = {isa = PBXBuildFile; fileRef = 042918991FA22FFF0075AB01 /* Assets.xcassets */; };
		0429189D1FA22FFF0075AB01 /* LaunchScreen.storyboard in Resources */ = {isa = PBXBuildFile; fileRef = 0429189B1FA22FFF0075AB01 /* LaunchScreen.storyboard */; };
		04CBA9051FA233F500CCF559 /* AppPortalManager.m in Sources */ = {isa = PBXBuildFile; fileRef = 04CBA9041FA233F500CCF559 /* AppPortalManager.m */; };
		04CBA90F1FA23B1B00CCF559 /* TabbarConfig.json in Resources */ = {isa = PBXBuildFile; fileRef = 04CBA90E1FA23B1B00CCF559 /* TabbarConfig.json */; };
		04CBA9181FA23DC400CCF559 /* UIImage+Color.m in Sources */ = {isa = PBXBuildFile; fileRef = 04CBA9171FA23DC400CCF559 /* UIImage+Color.m */; };
		04CBA9211FA2DD7E00CCF559 /* UINavigationController+FDFullscreenPopGesture.m in Sources */ = {isa = PBXBuildFile; fileRef = 04CBA91C1FA2DD7E00CCF559 /* UINavigationController+FDFullscreenPopGesture.m */; };
		04CBA9221FA2DD7E00CCF559 /* ZBNavigationController.m in Sources */ = {isa = PBXBuildFile; fileRef = 04CBA91E1FA2DD7E00CCF559 /* ZBNavigationController.m */; };
		04CBA9231FA2DD7E00CCF559 /* ZBTabBarViewController.m in Sources */ = {isa = PBXBuildFile; fileRef = 04CBA9201FA2DD7E00CCF559 /* ZBTabBarViewController.m */; };
		04CBA9271FA2DE4600CCF559 /* NSTool.m in Sources */ = {isa = PBXBuildFile; fileRef = 04CBA9261FA2DE4600CCF559 /* NSTool.m */; };
		04CBA92B1FA2DED500CCF559 /* Info.plist in Resources */ = {isa = PBXBuildFile; fileRef = 04CBA9291FA2DED500CCF559 /* Info.plist */; };
		04CBA92C1FA2DED500CCF559 /* main.m in Sources */ = {isa = PBXBuildFile; fileRef = 04CBA92A1FA2DED500CCF559 /* main.m */; };
		2926C4DBE9DB5342AE30E19B /* libPods-ZhiBoBa.a in Frameworks */ = {isa = PBXBuildFile; fileRef = 53278A45BB5CB5DBC4054955 /* libPods-ZhiBoBa.a */; };
/* End PBXBuildFile section */

/* Begin PBXFileReference section */
		0429188D1FA22FFF0075AB01 /* ZhiBoBa.app */ = {isa = PBXFileReference; explicitFileType = wrapper.application; includeInIndex = 0; path = ZhiBoBa.app; sourceTree = BUILT_PRODUCTS_DIR; };
		042918901FA22FFF0075AB01 /* AppDelegate.h */ = {isa = PBXFileReference; lastKnownFileType = sourcecode.c.h; path = AppDelegate.h; sourceTree = "<group>"; };
		042918911FA22FFF0075AB01 /* AppDelegate.m */ = {isa = PBXFileReference; lastKnownFileType = sourcecode.c.objc; path = AppDelegate.m; sourceTree = "<group>"; };
		042918991FA22FFF0075AB01 /* Assets.xcassets */ = {isa = PBXFileReference; lastKnownFileType = folder.assetcatalog; path = Assets.xcassets; sourceTree = "<group>"; };
		0429189C1FA22FFF0075AB01 /* Base */ = {isa = PBXFileReference; lastKnownFileType = file.storyboard; name = Base; path = Base.lproj/LaunchScreen.storyboard; sourceTree = "<group>"; };
		04CBA9031FA233F500CCF559 /* AppPortalManager.h */ = {isa = PBXFileReference; lastKnownFileType = sourcecode.c.h; path = AppPortalManager.h; sourceTree = "<group>"; };
		04CBA9041FA233F500CCF559 /* AppPortalManager.m */ = {isa = PBXFileReference; lastKnownFileType = sourcecode.c.objc; path = AppPortalManager.m; sourceTree = "<group>"; };
		04CBA90E1FA23B1B00CCF559 /* TabbarConfig.json */ = {isa = PBXFileReference; fileEncoding = 4; lastKnownFileType = text.json; path = TabbarConfig.json; sourceTree = "<group>"; };
		04CBA9161FA23DC400CCF559 /* UIImage+Color.h */ = {isa = PBXFileReference; lastKnownFileType = sourcecode.c.h; path = "UIImage+Color.h"; sourceTree = "<group>"; };
		04CBA9171FA23DC400CCF559 /* UIImage+Color.m */ = {isa = PBXFileReference; lastKnownFileType = sourcecode.c.objc; path = "UIImage+Color.m"; sourceTree = "<group>"; };
		04CBA9191FA23E4100CCF559 /* CommonDefines.h */ = {isa = PBXFileReference; lastKnownFileType = sourcecode.c.h; path = CommonDefines.h; sourceTree = "<group>"; };
		04CBA91B1FA2DD7E00CCF559 /* UINavigationController+FDFullscreenPopGesture.h */ = {isa = PBXFileReference; fileEncoding = 4; lastKnownFileType = sourcecode.c.h; path = "UINavigationController+FDFullscreenPopGesture.h"; sourceTree = "<group>"; };
		04CBA91C1FA2DD7E00CCF559 /* UINavigationController+FDFullscreenPopGesture.m */ = {isa = PBXFileReference; fileEncoding = 4; lastKnownFileType = sourcecode.c.objc; path = "UINavigationController+FDFullscreenPopGesture.m"; sourceTree = "<group>"; };
		04CBA91D1FA2DD7E00CCF559 /* ZBNavigationController.h */ = {isa = PBXFileReference; fileEncoding = 4; lastKnownFileType = sourcecode.c.h; path = ZBNavigationController.h; sourceTree = "<group>"; };
		04CBA91E1FA2DD7E00CCF559 /* ZBNavigationController.m */ = {isa = PBXFileReference; fileEncoding = 4; lastKnownFileType = sourcecode.c.objc; path = ZBNavigationController.m; sourceTree = "<group>"; };
		04CBA91F1FA2DD7E00CCF559 /* ZBTabBarViewController.h */ = {isa = PBXFileReference; fileEncoding = 4; lastKnownFileType = sourcecode.c.h; path = ZBTabBarViewController.h; sourceTree = "<group>"; };
		04CBA9201FA2DD7E00CCF559 /* ZBTabBarViewController.m */ = {isa = PBXFileReference; fileEncoding = 4; lastKnownFileType = sourcecode.c.objc; path = ZBTabBarViewController.m; sourceTree = "<group>"; };
		04CBA9251FA2DE4600CCF559 /* NSTool.h */ = {isa = PBXFileReference; fileEncoding = 4; lastKnownFileType = sourcecode.c.h; path = NSTool.h; sourceTree = "<group>"; };
		04CBA9261FA2DE4600CCF559 /* NSTool.m */ = {isa = PBXFileReference; fileEncoding = 4; lastKnownFileType = sourcecode.c.objc; path = NSTool.m; sourceTree = "<group>"; };
		04CBA9291FA2DED500CCF559 /* Info.plist */ = {isa = PBXFileReference; fileEncoding = 4; lastKnownFileType = text.plist.xml; path = Info.plist; sourceTree = "<group>"; };
		04CBA92A1FA2DED500CCF559 /* main.m */ = {isa = PBXFileReference; fileEncoding = 4; lastKnownFileType = sourcecode.c.objc; path = main.m; sourceTree = "<group>"; };
		53278A45BB5CB5DBC4054955 /* libPods-ZhiBoBa.a */ = {isa = PBXFileReference; explicitFileType = archive.ar; includeInIndex = 0; path = "libPods-ZhiBoBa.a"; sourceTree = BUILT_PRODUCTS_DIR; };
		6479D8DCA7C8B08E263F87B5 /* Pods-ZhiBoBa.debug.xcconfig */ = {isa = PBXFileReference; includeInIndex = 1; lastKnownFileType = text.xcconfig; name = "Pods-ZhiBoBa.debug.xcconfig"; path = "Pods/Target Support Files/Pods-ZhiBoBa/Pods-ZhiBoBa.debug.xcconfig"; sourceTree = "<group>"; };
		FADC49D3D700639E71154A3E /* Pods-ZhiBoBa.release.xcconfig */ = {isa = PBXFileReference; includeInIndex = 1; lastKnownFileType = text.xcconfig; name = "Pods-ZhiBoBa.release.xcconfig"; path = "Pods/Target Support Files/Pods-ZhiBoBa/Pods-ZhiBoBa.release.xcconfig"; sourceTree = "<group>"; };
/* End PBXFileReference section */

/* Begin PBXFrameworksBuildPhase section */
		0429188A1FA22FFF0075AB01 /* Frameworks */ = {
			isa = PBXFrameworksBuildPhase;
			buildActionMask = 2147483647;
			files = (
				2926C4DBE9DB5342AE30E19B /* libPods-ZhiBoBa.a in Frameworks */,
			);
			runOnlyForDeploymentPostprocessing = 0;
		};
/* End PBXFrameworksBuildPhase section */

/* Begin PBXGroup section */
		042918841FA22FFF0075AB01 = {
			isa = PBXGroup;
			children = (
				0429188F1FA22FFF0075AB01 /* ZhiBoBa */,
				04CBA90D1FA23AF200CCF559 /* Resources */,
				0429188E1FA22FFF0075AB01 /* Products */,
				5416023C5529F6C7698EC9AC /* Pods */,
				ED8C75803EA69FCAFFBBFC51 /* Frameworks */,
			);
			sourceTree = "<group>";
		};
		0429188E1FA22FFF0075AB01 /* Products */ = {
			isa = PBXGroup;
			children = (
				0429188D1FA22FFF0075AB01 /* ZhiBoBa.app */,
			);
			name = Products;
			sourceTree = "<group>";
		};
		0429188F1FA22FFF0075AB01 /* ZhiBoBa */ = {
			isa = PBXGroup;
			children = (
				04B0611D1FA2F4FA00628920 /* Video */,
				04B061211FA2F4FA00628920 /* ZBBData */,
				04B0611F1FA2F4FA00628920 /* ZBBForum */,
				04B061201FA2F4FA00628920 /* ZBBHome */,
				04B0611E1FA2F4FA00628920 /* ZBBJournalism */,
				04CBA91A1FA2DD7E00CCF559 /* UIBase */,
				04CBA9241FA2DE4600CCF559 /* Tools */,
				04CBA9281FA2DED500CCF559 /* Supporting Files */,
				042918901FA22FFF0075AB01 /* AppDelegate.h */,
				042918911FA22FFF0075AB01 /* AppDelegate.m */,
				042918991FA22FFF0075AB01 /* Assets.xcassets */,
				0429189B1FA22FFF0075AB01 /* LaunchScreen.storyboard */,
				04CBA9031FA233F500CCF559 /* AppPortalManager.h */,
				04CBA9041FA233F500CCF559 /* AppPortalManager.m */,
				04CBA9161FA23DC400CCF559 /* UIImage+Color.h */,
				04CBA9171FA23DC400CCF559 /* UIImage+Color.m */,
				04CBA9191FA23E4100CCF559 /* CommonDefines.h */,
			);
			path = ZhiBoBa;
			sourceTree = "<group>";
		};
		04B0611D1FA2F4FA00628920 /* Video */ = {
			isa = PBXGroup;
			children = (
			);
			path = Video;
			sourceTree = "<group>";
		};
		04B0611E1FA2F4FA00628920 /* ZBBJournalism */ = {
			isa = PBXGroup;
			children = (
			);
			path = ZBBJournalism;
			sourceTree = "<group>";
		};
		04B0611F1FA2F4FA00628920 /* ZBBForum */ = {
			isa = PBXGroup;
			children = (
			);
			path = ZBBForum;
			sourceTree = "<group>";
		};
		04B061201FA2F4FA00628920 /* ZBBHome */ = {
			isa = PBXGroup;
			children = (
			);
			path = ZBBHome;
			sourceTree = "<group>";
		};
		04B061211FA2F4FA00628920 /* ZBBData */ = {
			isa = PBXGroup;
			children = (
			);
			path = ZBBData;
			sourceTree = "<group>";
		};
		04CBA90D1FA23AF200CCF559 /* Resources */ = {
			isa = PBXGroup;
			children = (
				04CBA90E1FA23B1B00CCF559 /* TabbarConfig.json */,
			);
			path = Resources;
			sourceTree = "<group>";
		};
		04CBA91A1FA2DD7E00CCF559 /* UIBase */ = {
			isa = PBXGroup;
			children = (
				04CBA91B1FA2DD7E00CCF559 /* UINavigationController+FDFullscreenPopGesture.h */,
				04CBA91C1FA2DD7E00CCF559 /* UINavigationController+FDFullscreenPopGesture.m */,
				04CBA91D1FA2DD7E00CCF559 /* ZBNavigationController.h */,
				04CBA91E1FA2DD7E00CCF559 /* ZBNavigationController.m */,
				04CBA91F1FA2DD7E00CCF559 /* ZBTabBarViewController.h */,
				04CBA9201FA2DD7E00CCF559 /* ZBTabBarViewController.m */,
			);
			path = UIBase;
			sourceTree = "<group>";
		};
		04CBA9241FA2DE4600CCF559 /* Tools */ = {
			isa = PBXGroup;
			children = (
				04CBA9251FA2DE4600CCF559 /* NSTool.h */,
				04CBA9261FA2DE4600CCF559 /* NSTool.m */,
			);
			path = Tools;
			sourceTree = "<group>";
		};
		04CBA9281FA2DED500CCF559 /* Supporting Files */ = {
			isa = PBXGroup;
			children = (
				04CBA9291FA2DED500CCF559 /* Info.plist */,
				04CBA92A1FA2DED500CCF559 /* main.m */,
			);
			path = "Supporting Files";
			sourceTree = "<group>";
		};
		5416023C5529F6C7698EC9AC /* Pods */ = {
			isa = PBXGroup;
			children = (
				6479D8DCA7C8B08E263F87B5 /* Pods-ZhiBoBa.debug.xcconfig */,
				FADC49D3D700639E71154A3E /* Pods-ZhiBoBa.release.xcconfig */,
			);
			name = Pods;
			sourceTree = "<group>";
		};
		ED8C75803EA69FCAFFBBFC51 /* Frameworks */ = {
			isa = PBXGroup;
			children = (
				53278A45BB5CB5DBC4054955 /* libPods-ZhiBoBa.a */,
			);
			name = Frameworks;
			sourceTree = "<group>";
		};
/* End PBXGroup section */

/* Begin PBXNativeTarget section */
		0429188C1FA22FFF0075AB01 /* ZhiBoBa */ = {
			isa = PBXNativeTarget;
			buildConfigurationList = 042918A31FA22FFF0075AB01 /* Build configuration list for PBXNativeTarget "ZhiBoBa" */;
			buildPhases = (
				CA605575C61FBD5619B4C924 /* [CP] Check Pods Manifest.lock */,
				042918891FA22FFF0075AB01 /* Sources */,
				0429188A1FA22FFF0075AB01 /* Frameworks */,
				0429188B1FA22FFF0075AB01 /* Resources */,
				512A2AB0104234EA8B80A7DB /* [CP] Embed Pods Frameworks */,
				033E8EF0DC2BEF84B8BBA29A /* [CP] Copy Pods Resources */,
			);
			buildRules = (
			);
			dependencies = (
			);
			name = ZhiBoBa;
			productName = ZhiBoBa;
			productReference = 0429188D1FA22FFF0075AB01 /* ZhiBoBa.app */;
			productType = "com.apple.product-type.application";
		};
/* End PBXNativeTarget section */

/* Begin PBXProject section */
		042918851FA22FFF0075AB01 /* Project object */ = {
			isa = PBXProject;
			attributes = {
				LastUpgradeCheck = 0900;
				ORGANIZATIONNAME = "林颖达";
				TargetAttributes = {
					0429188C1FA22FFF0075AB01 = {
						CreatedOnToolsVersion = 9.0;
						ProvisioningStyle = Automatic;
					};
				};
			};
			buildConfigurationList = 042918881FA22FFF0075AB01 /* Build configuration list for PBXProject "ZhiBoBa" */;
			compatibilityVersion = "Xcode 8.0";
			developmentRegion = en;
			hasScannedForEncodings = 0;
			knownRegions = (
				en,
				Base,
			);
			mainGroup = 042918841FA22FFF0075AB01;
			productRefGroup = 0429188E1FA22FFF0075AB01 /* Products */;
			projectDirPath = "";
			projectRoot = "";
			targets = (
				0429188C1FA22FFF0075AB01 /* ZhiBoBa */,
			);
		};
/* End PBXProject section */

/* Begin PBXResourcesBuildPhase section */
		0429188B1FA22FFF0075AB01 /* Resources */ = {
			isa = PBXResourcesBuildPhase;
			buildActionMask = 2147483647;
			files = (
				04CBA92B1FA2DED500CCF559 /* Info.plist in Resources */,
				0429189D1FA22FFF0075AB01 /* LaunchScreen.storyboard in Resources */,
				0429189A1FA22FFF0075AB01 /* Assets.xcassets in Resources */,
				04CBA90F1FA23B1B00CCF559 /* TabbarConfig.json in Resources */,
			);
			runOnlyForDeploymentPostprocessing = 0;
		};
/* End PBXResourcesBuildPhase section */

/* Begin PBXShellScriptBuildPhase section */
		033E8EF0DC2BEF84B8BBA29A /* [CP] Copy Pods Resources */ = {
			isa = PBXShellScriptBuildPhase;
			buildActionMask = 2147483647;
			files = (
			);
			inputPaths = (
			);
			name = "[CP] Copy Pods Resources";
			outputPaths = (
			);
			runOnlyForDeploymentPostprocessing = 0;
			shellPath = /bin/sh;
			shellScript = "\"${SRCROOT}/Pods/Target Support Files/Pods-ZhiBoBa/Pods-ZhiBoBa-resources.sh\"\n";
			showEnvVarsInLog = 0;
		};
		512A2AB0104234EA8B80A7DB /* [CP] Embed Pods Frameworks */ = {
			isa = PBXShellScriptBuildPhase;
			buildActionMask = 2147483647;
			files = (
			);
			inputPaths = (
			);
			name = "[CP] Embed Pods Frameworks";
			outputPaths = (
			);
			runOnlyForDeploymentPostprocessing = 0;
			shellPath = /bin/sh;
			shellScript = "\"${SRCROOT}/Pods/Target Support Files/Pods-ZhiBoBa/Pods-ZhiBoBa-frameworks.sh\"\n";
			showEnvVarsInLog = 0;
		};
		CA605575C61FBD5619B4C924 /* [CP] Check Pods Manifest.lock */ = {
			isa = PBXShellScriptBuildPhase;
			buildActionMask = 2147483647;
			files = (
			);
			inputPaths = (
			);
			name = "[CP] Check Pods Manifest.lock";
			outputPaths = (
			);
			runOnlyForDeploymentPostprocessing = 0;
			shellPath = /bin/sh;
			shellScript = "diff \"${PODS_ROOT}/../Podfile.lock\" \"${PODS_ROOT}/Manifest.lock\" > /dev/null\nif [ $? != 0 ] ; then\n    # print error to STDERR\n    echo \"error: The sandbox is not in sync with the Podfile.lock. Run 'pod install' or update your CocoaPods installation.\" >&2\n    exit 1\nfi\n";
			showEnvVarsInLog = 0;
		};
/* End PBXShellScriptBuildPhase section */

/* Begin PBXSourcesBuildPhase section */
		042918891FA22FFF0075AB01 /* Sources */ = {
			isa = PBXSourcesBuildPhase;
			buildActionMask = 2147483647;
			files = (
				04CBA9221FA2DD7E00CCF559 /* ZBNavigationController.m in Sources */,
				042918921FA22FFF0075AB01 /* AppDelegate.m in Sources */,
				04CBA9231FA2DD7E00CCF559 /* ZBTabBarViewController.m in Sources */,
				04CBA9181FA23DC400CCF559 /* UIImage+Color.m in Sources */,
				04CBA9211FA2DD7E00CCF559 /* UINavigationController+FDFullscreenPopGesture.m in Sources */,
				04CBA9051FA233F500CCF559 /* AppPortalManager.m in Sources */,
				04CBA92C1FA2DED500CCF559 /* main.m in Sources */,
				04CBA9271FA2DE4600CCF559 /* NSTool.m in Sources */,
			);
			runOnlyForDeploymentPostprocessing = 0;
		};
/* End PBXSourcesBuildPhase section */

/* Begin PBXVariantGroup section */
		0429189B1FA22FFF0075AB01 /* LaunchScreen.storyboard */ = {
			isa = PBXVariantGroup;
			children = (
				0429189C1FA22FFF0075AB01 /* Base */,
			);
			name = LaunchScreen.storyboard;
			sourceTree = "<group>";
		};
/* End PBXVariantGroup section */

/* Begin XCBuildConfiguration section */
		042918A11FA22FFF0075AB01 /* Debug */ = {
			isa = XCBuildConfiguration;
			buildSettings = {
				ALWAYS_SEARCH_USER_PATHS = NO;
				CLANG_ANALYZER_NONNULL = YES;
				CLANG_ANALYZER_NUMBER_OBJECT_CONVERSION = YES_AGGRESSIVE;
				CLANG_CXX_LANGUAGE_STANDARD = "gnu++14";
				CLANG_CXX_LIBRARY = "libc++";
				CLANG_ENABLE_MODULES = YES;
				CLANG_ENABLE_OBJC_ARC = YES;
				CLANG_WARN_BLOCK_CAPTURE_AUTORELEASING = YES;
				CLANG_WARN_BOOL_CONVERSION = YES;
				CLANG_WARN_COMMA = YES;
				CLANG_WARN_CONSTANT_CONVERSION = YES;
				CLANG_WARN_DIRECT_OBJC_ISA_USAGE = YES_ERROR;
				CLANG_WARN_DOCUMENTATION_COMMENTS = YES;
				CLANG_WARN_EMPTY_BODY = YES;
				CLANG_WARN_ENUM_CONVERSION = YES;
				CLANG_WARN_INFINITE_RECURSION = YES;
				CLANG_WARN_INT_CONVERSION = YES;
				CLANG_WARN_NON_LITERAL_NULL_CONVERSION = YES;
				CLANG_WARN_OBJC_LITERAL_CONVERSION = YES;
				CLANG_WARN_OBJC_ROOT_CLASS = YES_ERROR;
				CLANG_WARN_RANGE_LOOP_ANALYSIS = YES;
				CLANG_WARN_STRICT_PROTOTYPES = YES;
				CLANG_WARN_SUSPICIOUS_MOVE = YES;
				CLANG_WARN_UNGUARDED_AVAILABILITY = YES_AGGRESSIVE;
				CLANG_WARN_UNREACHABLE_CODE = YES;
				CLANG_WARN__DUPLICATE_METHOD_MATCH = YES;
				CODE_SIGN_IDENTITY = "iPhone Developer";
				COPY_PHASE_STRIP = NO;
				DEBUG_INFORMATION_FORMAT = dwarf;
				ENABLE_STRICT_OBJC_MSGSEND = YES;
				ENABLE_TESTABILITY = YES;
				GCC_C_LANGUAGE_STANDARD = gnu11;
				GCC_DYNAMIC_NO_PIC = NO;
				GCC_NO_COMMON_BLOCKS = YES;
				GCC_OPTIMIZATION_LEVEL = 0;
				GCC_PREPROCESSOR_DEFINITIONS = (
					"DEBUG=1",
					"$(inherited)",
				);
				GCC_WARN_64_TO_32_BIT_CONVERSION = YES;
				GCC_WARN_ABOUT_RETURN_TYPE = YES_ERROR;
				GCC_WARN_UNDECLARED_SELECTOR = YES;
				GCC_WARN_UNINITIALIZED_AUTOS = YES_AGGRESSIVE;
				GCC_WARN_UNUSED_FUNCTION = YES;
				GCC_WARN_UNUSED_VARIABLE = YES;
				IPHONEOS_DEPLOYMENT_TARGET = 11.0;
				MTL_ENABLE_DEBUG_INFO = YES;
				ONLY_ACTIVE_ARCH = YES;
				SDKROOT = iphoneos;
			};
			name = Debug;
		};
		042918A21FA22FFF0075AB01 /* Release */ = {
			isa = XCBuildConfiguration;
			buildSettings = {
				ALWAYS_SEARCH_USER_PATHS = NO;
				CLANG_ANALYZER_NONNULL = YES;
				CLANG_ANALYZER_NUMBER_OBJECT_CONVERSION = YES_AGGRESSIVE;
				CLANG_CXX_LANGUAGE_STANDARD = "gnu++14";
				CLANG_CXX_LIBRARY = "libc++";
				CLANG_ENABLE_MODULES = YES;
				CLANG_ENABLE_OBJC_ARC = YES;
				CLANG_WARN_BLOCK_CAPTURE_AUTORELEASING = YES;
				CLANG_WARN_BOOL_CONVERSION = YES;
				CLANG_WARN_COMMA = YES;
				CLANG_WARN_CONSTANT_CONVERSION = YES;
				CLANG_WARN_DIRECT_OBJC_ISA_USAGE = YES_ERROR;
				CLANG_WARN_DOCUMENTATION_COMMENTS = YES;
				CLANG_WARN_EMPTY_BODY = YES;
				CLANG_WARN_ENUM_CONVERSION = YES;
				CLANG_WARN_INFINITE_RECURSION = YES;
				CLANG_WARN_INT_CONVERSION = YES;
				CLANG_WARN_NON_LITERAL_NULL_CONVERSION = YES;
				CLANG_WARN_OBJC_LITERAL_CONVERSION = YES;
				CLANG_WARN_OBJC_ROOT_CLASS = YES_ERROR;
				CLANG_WARN_RANGE_LOOP_ANALYSIS = YES;
				CLANG_WARN_STRICT_PROTOTYPES = YES;
				CLANG_WARN_SUSPICIOUS_MOVE = YES;
				CLANG_WARN_UNGUARDED_AVAILABILITY = YES_AGGRESSIVE;
				CLANG_WARN_UNREACHABLE_CODE = YES;
				CLANG_WARN__DUPLICATE_METHOD_MATCH = YES;
				CODE_SIGN_IDENTITY = "iPhone Developer";
				COPY_PHASE_STRIP = NO;
				DEBUG_INFORMATION_FORMAT = "dwarf-with-dsym";
				ENABLE_NS_ASSERTIONS = NO;
				ENABLE_STRICT_OBJC_MSGSEND = YES;
				GCC_C_LANGUAGE_STANDARD = gnu11;
				GCC_NO_COMMON_BLOCKS = YES;
				GCC_WARN_64_TO_32_BIT_CONVERSION = YES;
				GCC_WARN_ABOUT_RETURN_TYPE = YES_ERROR;
				GCC_WARN_UNDECLARED_SELECTOR = YES;
				GCC_WARN_UNINITIALIZED_AUTOS = YES_AGGRESSIVE;
				GCC_WARN_UNUSED_FUNCTION = YES;
				GCC_WARN_UNUSED_VARIABLE = YES;
				IPHONEOS_DEPLOYMENT_TARGET = 11.0;
				MTL_ENABLE_DEBUG_INFO = NO;
				SDKROOT = iphoneos;
				VALIDATE_PRODUCT = YES;
			};
			name = Release;
		};
		042918A41FA22FFF0075AB01 /* Debug */ = {
			isa = XCBuildConfiguration;
			baseConfigurationReference = 6479D8DCA7C8B08E263F87B5 /* Pods-ZhiBoBa.debug.xcconfig */;
			buildSettings = {
				ASSETCATALOG_COMPILER_APPICON_NAME = AppIcon;
				CODE_SIGN_STYLE = Automatic;
				DEVELOPMENT_TEAM = 39UEF8V6TF;
				INFOPLIST_FILE = "ZhiBoBa/Supporting Files/Info.plist";
				IPHONEOS_DEPLOYMENT_TARGET = 9.0;
				LD_RUNPATH_SEARCH_PATHS = "$(inherited) @executable_path/Frameworks";
				PRODUCT_BUNDLE_IDENTIFIER = com.lyd.ZhiBoBa;
				PRODUCT_NAME = "$(TARGET_NAME)";
				TARGETED_DEVICE_FAMILY = "1,2";
			};
			name = Debug;
		};
		042918A51FA22FFF0075AB01 /* Release */ = {
			isa = XCBuildConfiguration;
			baseConfigurationReference = FADC49D3D700639E71154A3E /* Pods-ZhiBoBa.release.xcconfig */;
			buildSettings = {
				ASSETCATALOG_COMPILER_APPICON_NAME = AppIcon;
				CODE_SIGN_STYLE = Automatic;
				DEVELOPMENT_TEAM = 39UEF8V6TF;
				INFOPLIST_FILE = "ZhiBoBa/Supporting Files/Info.plist";
				IPHONEOS_DEPLOYMENT_TARGET = 9.0;
				LD_RUNPATH_SEARCH_PATHS = "$(inherited) @executable_path/Frameworks";
				PRODUCT_BUNDLE_IDENTIFIER = com.lyd.ZhiBoBa;
				PRODUCT_NAME = "$(TARGET_NAME)";
				TARGETED_DEVICE_FAMILY = "1,2";
			};
			name = Release;
		};
/* End XCBuildConfiguration section */

/* Begin XCConfigurationList section */
		042918881FA22FFF0075AB01 /* Build configuration list for PBXProject "ZhiBoBa" */ = {
			isa = XCConfigurationList;
			buildConfigurations = (
				042918A11FA22FFF0075AB01 /* Debug */,
				042918A21FA22FFF0075AB01 /* Release */,
			);
			defaultConfigurationIsVisible = 0;
			defaultConfigurationName = Release;
		};
		042918A31FA22FFF0075AB01 /* Build configuration list for PBXNativeTarget "ZhiBoBa" */ = {
			isa = XCConfigurationList;
			buildConfigurations = (
				042918A41FA22FFF0075AB01 /* Debug */,
				042918A51FA22FFF0075AB01 /* Release */,
			);
			defaultConfigurationIsVisible = 0;
			defaultConfigurationName = Release;
		};
/* End XCConfigurationList section */
	};
	rootObject = 042918851FA22FFF0075AB01 /* Project object */;
}
